<Solution>
  <Configurations>
    <Platform Name="x64" />
    <Platform Name="x86" />
  </Configurations>
  <Project Path="client/client.vcxproj" Id="eaad505e-4b3b-4a8c-b2bf-69b8fb40a085" />
  <Project Path="client1/client1.vcxproj" Id="072296ce-2b39-4841-9a85-35e2a851763f" />
  <Project Path="client2/client2.vcxproj" Id="df7e06ae-36d5-4bb1-87fe-dc5933b73c46" />
  <Project Path="practice/practice.vcxproj" Id="e9f5f43b-1aa3-4c3c-a53f-bc63069a1146" />
</Solution>
